{
  "name": "tara_ics-converter",
  "version": "1.0.0",
  "lockfileVersion": 3,
  "requires": true,
  "packages": {
    "": {
      "name": "tara_ics-converter",
      "version": "1.0.0",
      "license": "ISC",
      "dependencies": {
        "ics-to-json": "^2.0.2"
      }
    },
    "node_modules/ics-to-json": {
      "version": "2.0.2",
      "resolved": "https://registry.npmjs.org/ics-to-json/-/ics-to-json-2.0.2.tgz",
      "integrity": "sha512-dOuv0Z7cNKQK70/S3pIm+6Ytqn/+Be7YeRagaQzc03sytHKZEGZZe3V0KCiP2oawCUk+qOpN9J9bovKWbfNE4Q==",
      "license": "MIT"
    }
  }
}
